// !$*UTF8*$!
{
	archiveVersion = 1;
	classes = {
	};
	objectVersion = 50;
	objects = {

/* Begin PBXBuildFile section */
		D15C4F5823D08F1C007FA82D /* expression_tree_parser.cpp in Sources */ = {isa = PBXBuildFile; fileRef = D15C4F5623D08F1C007FA82D /* expression_tree_parser.cpp */; };
		D16A341423CC8A72001AB516 /* push_back_stream.cpp in Sources */ = {isa = PBXBuildFile; fileRef = D16A340A23CC8A72001AB516 /* push_back_stream.cpp */; };
		D16A341523CC8A72001AB516 /* tokenizer.cpp in Sources */ = {isa = PBXBuildFile; fileRef = D16A340E23CC8A72001AB516 /* tokenizer.cpp */; };
		D16A341623CC8A72001AB516 /* errors.cpp in Sources */ = {isa = PBXBuildFile; fileRef = D16A341123CC8A72001AB516 /* errors.cpp */; };
		D16A341723CC8A72001AB516 /* main.cpp in Sources */ = {isa = PBXBuildFile; fileRef = D16A341223CC8A72001AB516 /* main.cpp */; };
		D16A341823CC8A72001AB516 /* tokens.cpp in Sources */ = {isa = PBXBuildFile; fileRef = D16A341323CC8A72001AB516 /* tokens.cpp */; };
		D16A342D23CD27E7001AB516 /* compiler_context.cpp in Sources */ = {isa = PBXBuildFile; fileRef = D16A342B23CD27E7001AB516 /* compiler_context.cpp */; };
		D16A343223CD2866001AB516 /* expression_tree.cpp in Sources */ = {isa = PBXBuildFile; fileRef = D16A342F23CD2866001AB516 /* expression_tree.cpp */; };
		D16A343323CD2866001AB516 /* types.cpp in Sources */ = {isa = PBXBuildFile; fileRef = D16A343123CD2866001AB516 /* types.cpp */; };
		D16A342623CCA134001AB516 /* runtime_context.cpp in Sources */ = {isa = PBXBuildFile; fileRef = D16A341C23CCA134001AB516 /* runtime_context.cpp */; };
		D16A342923CCA134001AB516 /* variable.cpp in Sources */ = {isa = PBXBuildFile; fileRef = D16A341F23CCA134001AB516 /* variable.cpp */; };
		D16A342A23CCA134001AB516 /* expression.cpp in Sources */ = {isa = PBXBuildFile; fileRef = D16A342323CCA134001AB516 /* expression.cpp */; };
/* End PBXBuildFile section */

/* Begin PBXCopyFilesBuildPhase section */
		D16A33FD23CC89FF001AB516 /* CopyFiles */ = {
			isa = PBXCopyFilesBuildPhase;
			buildActionMask = 2147483647;
			dstPath = /usr/share/man/man1/;
			dstSubfolderSpec = 0;
			files = (
			);
			runOnlyForDeploymentPostprocessing = 1;
		};
/* End PBXCopyFilesBuildPhase section */

/* Begin PBXFileReference section */
		D15C4F5523CDE3AD007FA82D /* helpers.hpp */ = {isa = PBXFileReference; lastKnownFileType = sourcecode.cpp.h; path = helpers.hpp; sourceTree = "<group>"; };
		D15C4F5623D08F1C007FA82D /* expression_tree_parser.cpp */ = {isa = PBXFileReference; lastKnownFileType = sourcecode.cpp.cpp; path = expression_tree_parser.cpp; sourceTree = "<group>"; };
		D15C4F5723D08F1C007FA82D /* expression_tree_parser.hpp */ = {isa = PBXFileReference; lastKnownFileType = sourcecode.cpp.h; path = expression_tree_parser.hpp; sourceTree = "<group>"; };
		D16A33FF23CC89FF001AB516 /* stork */ = {isa = PBXFileReference; explicitFileType = "compiled.mach-o.executable"; includeInIndex = 0; path = stork; sourceTree = BUILT_PRODUCTS_DIR; };
		D16A340A23CC8A72001AB516 /* push_back_stream.cpp */ = {isa = PBXFileReference; fileEncoding = 4; lastKnownFileType = sourcecode.cpp.cpp; path = push_back_stream.cpp; sourceTree = "<group>"; };
		D16A340B23CC8A72001AB516 /* errors.hpp */ = {isa = PBXFileReference; fileEncoding = 4; lastKnownFileType = sourcecode.cpp.h; path = errors.hpp; sourceTree = "<group>"; };
		D16A340C23CC8A72001AB516 /* lookup.hpp */ = {isa = PBXFileReference; fileEncoding = 4; lastKnownFileType = sourcecode.cpp.h; path = lookup.hpp; sourceTree = "<group>"; };
		D16A340D23CC8A72001AB516 /* tokens.hpp */ = {isa = PBXFileReference; fileEncoding = 4; lastKnownFileType = sourcecode.cpp.h; path = tokens.hpp; sourceTree = "<group>"; };
		D16A340E23CC8A72001AB516 /* tokenizer.cpp */ = {isa = PBXFileReference; fileEncoding = 4; lastKnownFileType = sourcecode.cpp.cpp; path = tokenizer.cpp; sourceTree = "<group>"; };
		D16A340F23CC8A72001AB516 /* tokenizer.hpp */ = {isa = PBXFileReference; fileEncoding = 4; lastKnownFileType = sourcecode.cpp.h; path = tokenizer.hpp; sourceTree = "<group>"; };
		D16A341023CC8A72001AB516 /* push_back_stream.hpp */ = {isa = PBXFileReference; fileEncoding = 4; lastKnownFileType = sourcecode.cpp.h; path = push_back_stream.hpp; sourceTree = "<group>"; };
		D16A341123CC8A72001AB516 /* errors.cpp */ = {isa = PBXFileReference; fileEncoding = 4; lastKnownFileType = sourcecode.cpp.cpp; path = errors.cpp; sourceTree = "<group>"; };
		D16A341223CC8A72001AB516 /* main.cpp */ = {isa = PBXFileReference; fileEncoding = 4; lastKnownFileType = sourcecode.cpp.cpp; path = main.cpp; sourceTree = "<group>"; };
		D16A341323CC8A72001AB516 /* tokens.cpp */ = {isa = PBXFileReference; fileEncoding = 4; lastKnownFileType = sourcecode.cpp.cpp; path = tokens.cpp; sourceTree = "<group>"; };
		D16A342B23CD27E7001AB516 /* compiler_context.cpp */ = {isa = PBXFileReference; fileEncoding = 4; lastKnownFileType = sourcecode.cpp.cpp; path = compiler_context.cpp; sourceTree = "<group>"; };
		D16A342C23CD27E7001AB516 /* compiler_context.hpp */ = {isa = PBXFileReference; fileEncoding = 4; lastKnownFileType = sourcecode.cpp.h; path = compiler_context.hpp; sourceTree = "<group>"; };
		D16A342E23CD2865001AB516 /* types.hpp */ = {isa = PBXFileReference; fileEncoding = 4; lastKnownFileType = sourcecode.cpp.h; path = types.hpp; sourceTree = "<group>"; };
		D16A342F23CD2866001AB516 /* expression_tree.cpp */ = {isa = PBXFileReference; fileEncoding = 4; lastKnownFileType = sourcecode.cpp.cpp; path = expression_tree.cpp; sourceTree = "<group>"; };
		D16A343023CD2866001AB516 /* expression_tree.hpp */ = {isa = PBXFileReference; fileEncoding = 4; lastKnownFileType = sourcecode.cpp.h; path = expression_tree.hpp; sourceTree = "<group>"; };
		D16A343123CD2866001AB516 /* types.cpp */ = {isa = PBXFileReference; fileEncoding = 4; lastKnownFileType = sourcecode.cpp.cpp; path = types.cpp; sourceTree = "<group>"; };
		D16A341A23CCA133001AB516 /* expression.hpp */ = {isa = PBXFileReference; fileEncoding = 4; lastKnownFileType = sourcecode.cpp.h; path = expression.hpp; sourceTree = "<group>"; };
		D16A341B23CCA133001AB516 /* runtime_context.hpp */ = {isa = PBXFileReference; fileEncoding = 4; lastKnownFileType = sourcecode.cpp.h; path = runtime_context.hpp; sourceTree = "<group>"; };
		D16A341C23CCA134001AB516 /* runtime_context.cpp */ = {isa = PBXFileReference; fileEncoding = 4; lastKnownFileType = sourcecode.cpp.cpp; path = runtime_context.cpp; sourceTree = "<group>"; };
		D16A341F23CCA134001AB516 /* variable.cpp */ = {isa = PBXFileReference; fileEncoding = 4; lastKnownFileType = sourcecode.cpp.cpp; path = variable.cpp; sourceTree = "<group>"; };
		D16A342123CCA134001AB516 /* variable.hpp */ = {isa = PBXFileReference; fileEncoding = 4; lastKnownFileType = sourcecode.cpp.h; path = variable.hpp; sourceTree = "<group>"; };
		D16A342323CCA134001AB516 /* expression.cpp */ = {isa = PBXFileReference; fileEncoding = 4; lastKnownFileType = sourcecode.cpp.cpp; path = expression.cpp; sourceTree = "<group>"; };
/* End PBXFileReference section */

/* Begin PBXFrameworksBuildPhase section */
		D16A33FC23CC89FF001AB516 /* Frameworks */ = {
			isa = PBXFrameworksBuildPhase;
			buildActionMask = 2147483647;
			files = (
			);
			runOnlyForDeploymentPostprocessing = 0;
		};
/* End PBXFrameworksBuildPhase section */

/* Begin PBXGroup section */
		D16A33F623CC89FF001AB516 = {
			isa = PBXGroup;
			children = (
				D16A340923CC8A72001AB516 /* source */,
				D16A340023CC89FF001AB516 /* Products */,
			);
			sourceTree = "<group>";
		};
		D16A340023CC89FF001AB516 /* Products */ = {
			isa = PBXGroup;
			children = (
				D16A33FF23CC89FF001AB516 /* stork */,
			);
			name = Products;
			sourceTree = "<group>";
		};
		D16A340923CC8A72001AB516 /* source */ = {
			isa = PBXGroup;
			children = (
				D16A342F23CD2866001AB516 /* expression_tree.cpp */,
				D16A343023CD2866001AB516 /* expression_tree.hpp */,
				D16A343123CD2866001AB516 /* types.cpp */,
				D16A342E23CD2865001AB516 /* types.hpp */,
				D16A342B23CD27E7001AB516 /* compiler_context.cpp */,
				D16A342C23CD27E7001AB516 /* compiler_context.hpp */,
				D16A342323CCA134001AB516 /* expression.cpp */,
				D16A341A23CCA133001AB516 /* expression.hpp */,
				D16A341C23CCA134001AB516 /* runtime_context.cpp */,
				D16A341B23CCA133001AB516 /* runtime_context.hpp */,
				D16A341F23CCA134001AB516 /* variable.cpp */,
				D16A342123CCA134001AB516 /* variable.hpp */,
				D16A340A23CC8A72001AB516 /* push_back_stream.cpp */,
				D16A340B23CC8A72001AB516 /* errors.hpp */,
				D16A341123CC8A72001AB516 /* errors.cpp */,
				D16A340C23CC8A72001AB516 /* lookup.hpp */,
				D16A340D23CC8A72001AB516 /* tokens.hpp */,
				D16A341323CC8A72001AB516 /* tokens.cpp */,
				D16A340E23CC8A72001AB516 /* tokenizer.cpp */,
				D16A340F23CC8A72001AB516 /* tokenizer.hpp */,
				D16A341023CC8A72001AB516 /* push_back_stream.hpp */,
				D16A341223CC8A72001AB516 /* main.cpp */,
				D15C4F5523CDE3AD007FA82D /* helpers.hpp */,
				D15C4F5623D08F1C007FA82D /* expression_tree_parser.cpp */,
				D15C4F5723D08F1C007FA82D /* expression_tree_parser.hpp */,
			);
			name = source;
			path = ../../source;
			sourceTree = "<group>";
		};
/* End PBXGroup section */

/* Begin PBXNativeTarget section */
		D16A33FE23CC89FF001AB516 /* stork */ = {
			isa = PBXNativeTarget;
			buildConfigurationList = D16A340623CC89FF001AB516 /* Build configuration list for PBXNativeTarget "stork" */;
			buildPhases = (
				D16A33FB23CC89FF001AB516 /* Sources */,
				D16A33FC23CC89FF001AB516 /* Frameworks */,
				D16A33FD23CC89FF001AB516 /* CopyFiles */,
			);
			buildRules = (
			);
			dependencies = (
			);
			name = stork;
			productName = stork;
			productReference = D16A33FF23CC89FF001AB516 /* stork */;
			productType = "com.apple.product-type.tool";
		};
/* End PBXNativeTarget section */

/* Begin PBXProject section */
		D16A33F723CC89FF001AB516 /* Project object */ = {
			isa = PBXProject;
			attributes = {
				LastUpgradeCheck = 1130;
				ORGANIZATIONNAME = "Jakisa Tomic";
				TargetAttributes = {
					D16A33FE23CC89FF001AB516 = {
						CreatedOnToolsVersion = 11.3;
					};
				};
			};
			buildConfigurationList = D16A33FA23CC89FF001AB516 /* Build configuration list for PBXProject "stork" */;
			compatibilityVersion = "Xcode 9.3";
			developmentRegion = en;
			hasScannedForEncodings = 0;
			knownRegions = (
				en,
				Base,
			);
			mainGroup = D16A33F623CC89FF001AB516;
			productRefGroup = D16A340023CC89FF001AB516 /* Products */;
			projectDirPath = "";
			projectRoot = "";
			targets = (
				D16A33FE23CC89FF001AB516 /* stork */,
			);
		};
/* End PBXProject section */

/* Begin PBXSourcesBuildPhase section */
		D16A33FB23CC89FF001AB516 /* Sources */ = {
			isa = PBXSourcesBuildPhase;
			buildActionMask = 2147483647;
			files = (
				D16A341823CC8A72001AB516 /* tokens.cpp in Sources */,
				D16A341623CC8A72001AB516 /* errors.cpp in Sources */,
				D15C4F5823D08F1C007FA82D /* expression_tree_parser.cpp in Sources */,
				D16A342D23CD27E7001AB516 /* compiler_context.cpp in Sources */,
				D16A341423CC8A72001AB516 /* push_back_stream.cpp in Sources */,
				D16A341723CC8A72001AB516 /* main.cpp in Sources */,
				D16A343223CD2866001AB516 /* expression_tree.cpp in Sources */,
				D16A342623CCA134001AB516 /* runtime_context.cpp in Sources */,
				D16A342923CCA134001AB516 /* variable.cpp in Sources */,
				D16A341523CC8A72001AB516 /* tokenizer.cpp in Sources */,
				D16A343323CD2866001AB516 /* types.cpp in Sources */,
				D16A342A23CCA134001AB516 /* expression.cpp in Sources */,
			);
			runOnlyForDeploymentPostprocessing = 0;
		};
/* End PBXSourcesBuildPhase section */

/* Begin XCBuildConfiguration section */
		D16A340423CC89FF001AB516 /* Debug */ = {
			isa = XCBuildConfiguration;
			buildSettings = {
				ALWAYS_SEARCH_USER_PATHS = NO;
				CLANG_ANALYZER_NONNULL = YES;
				CLANG_ANALYZER_NUMBER_OBJECT_CONVERSION = YES_AGGRESSIVE;
				CLANG_CXX_LANGUAGE_STANDARD = "c++17";
				CLANG_CXX_LIBRARY = "libc++";
				CLANG_ENABLE_MODULES = YES;
				CLANG_ENABLE_OBJC_ARC = YES;
				CLANG_ENABLE_OBJC_WEAK = YES;
				CLANG_WARN_BLOCK_CAPTURE_AUTORELEASING = YES;
				CLANG_WARN_BOOL_CONVERSION = YES;
				CLANG_WARN_COMMA = YES;
				CLANG_WARN_CONSTANT_CONVERSION = YES;
				CLANG_WARN_DEPRECATED_OBJC_IMPLEMENTATIONS = YES;
				CLANG_WARN_DIRECT_OBJC_ISA_USAGE = YES_ERROR;
				CLANG_WARN_DOCUMENTATION_COMMENTS = YES;
				CLANG_WARN_EMPTY_BODY = YES;
				CLANG_WARN_ENUM_CONVERSION = YES;
				CLANG_WARN_INFINITE_RECURSION = YES;
				CLANG_WARN_INT_CONVERSION = YES;
				CLANG_WARN_NON_LITERAL_NULL_CONVERSION = YES;
				CLANG_WARN_OBJC_IMPLICIT_RETAIN_SELF = YES;
				CLANG_WARN_OBJC_LITERAL_CONVERSION = YES;
				CLANG_WARN_OBJC_ROOT_CLASS = YES_ERROR;
				CLANG_WARN_RANGE_LOOP_ANALYSIS = YES;
				CLANG_WARN_STRICT_PROTOTYPES = YES;
				CLANG_WARN_SUSPICIOUS_MOVE = YES;
				CLANG_WARN_UNGUARDED_AVAILABILITY = YES_AGGRESSIVE;
				CLANG_WARN_UNREACHABLE_CODE = YES;
				CLANG_WARN__DUPLICATE_METHOD_MATCH = YES;
				COPY_PHASE_STRIP = NO;
				DEBUG_INFORMATION_FORMAT = dwarf;
				ENABLE_STRICT_OBJC_MSGSEND = YES;
				ENABLE_TESTABILITY = YES;
				GCC_C_LANGUAGE_STANDARD = gnu11;
				GCC_DYNAMIC_NO_PIC = NO;
				GCC_NO_COMMON_BLOCKS = YES;
				GCC_OPTIMIZATION_LEVEL = 0;
				GCC_PREPROCESSOR_DEFINITIONS = (
					"DEBUG=1",
					"$(inherited)",
				);
				GCC_WARN_64_TO_32_BIT_CONVERSION = YES;
				GCC_WARN_ABOUT_RETURN_TYPE = YES_ERROR;
				GCC_WARN_UNDECLARED_SELECTOR = YES;
				GCC_WARN_UNINITIALIZED_AUTOS = YES_AGGRESSIVE;
				GCC_WARN_UNUSED_FUNCTION = YES;
				GCC_WARN_UNUSED_VARIABLE = YES;
				MACOSX_DEPLOYMENT_TARGET = 10.14;
				MTL_ENABLE_DEBUG_INFO = INCLUDE_SOURCE;
				MTL_FAST_MATH = YES;
				ONLY_ACTIVE_ARCH = YES;
				SDKROOT = macosx;
			};
			name = Debug;
		};
		D16A340523CC89FF001AB516 /* Release */ = {
			isa = XCBuildConfiguration;
			buildSettings = {
				ALWAYS_SEARCH_USER_PATHS = NO;
				CLANG_ANALYZER_NONNULL = YES;
				CLANG_ANALYZER_NUMBER_OBJECT_CONVERSION = YES_AGGRESSIVE;
				CLANG_CXX_LANGUAGE_STANDARD = "c++17";
				CLANG_CXX_LIBRARY = "libc++";
				CLANG_ENABLE_MODULES = YES;
				CLANG_ENABLE_OBJC_ARC = YES;
				CLANG_ENABLE_OBJC_WEAK = YES;
				CLANG_WARN_BLOCK_CAPTURE_AUTORELEASING = YES;
				CLANG_WARN_BOOL_CONVERSION = YES;
				CLANG_WARN_COMMA = YES;
				CLANG_WARN_CONSTANT_CONVERSION = YES;
				CLANG_WARN_DEPRECATED_OBJC_IMPLEMENTATIONS = YES;
				CLANG_WARN_DIRECT_OBJC_ISA_USAGE = YES_ERROR;
				CLANG_WARN_DOCUMENTATION_COMMENTS = YES;
				CLANG_WARN_EMPTY_BODY = YES;
				CLANG_WARN_ENUM_CONVERSION = YES;
				CLANG_WARN_INFINITE_RECURSION = YES;
				CLANG_WARN_INT_CONVERSION = YES;
				CLANG_WARN_NON_LITERAL_NULL_CONVERSION = YES;
				CLANG_WARN_OBJC_IMPLICIT_RETAIN_SELF = YES;
				CLANG_WARN_OBJC_LITERAL_CONVERSION = YES;
				CLANG_WARN_OBJC_ROOT_CLASS = YES_ERROR;
				CLANG_WARN_RANGE_LOOP_ANALYSIS = YES;
				CLANG_WARN_STRICT_PROTOTYPES = YES;
				CLANG_WARN_SUSPICIOUS_MOVE = YES;
				CLANG_WARN_UNGUARDED_AVAILABILITY = YES_AGGRESSIVE;
				CLANG_WARN_UNREACHABLE_CODE = YES;
				CLANG_WARN__DUPLICATE_METHOD_MATCH = YES;
				COPY_PHASE_STRIP = NO;
				DEBUG_INFORMATION_FORMAT = "dwarf-with-dsym";
				ENABLE_NS_ASSERTIONS = NO;
				ENABLE_STRICT_OBJC_MSGSEND = YES;
				GCC_C_LANGUAGE_STANDARD = gnu11;
				GCC_NO_COMMON_BLOCKS = YES;
				GCC_WARN_64_TO_32_BIT_CONVERSION = YES;
				GCC_WARN_ABOUT_RETURN_TYPE = YES_ERROR;
				GCC_WARN_UNDECLARED_SELECTOR = YES;
				GCC_WARN_UNINITIALIZED_AUTOS = YES_AGGRESSIVE;
				GCC_WARN_UNUSED_FUNCTION = YES;
				GCC_WARN_UNUSED_VARIABLE = YES;
				MACOSX_DEPLOYMENT_TARGET = 10.14;
				MTL_ENABLE_DEBUG_INFO = NO;
				MTL_FAST_MATH = YES;
				SDKROOT = macosx;
			};
			name = Release;
		};
		D16A340723CC89FF001AB516 /* Debug */ = {
			isa = XCBuildConfiguration;
			buildSettings = {
				CODE_SIGN_STYLE = Automatic;
				PRODUCT_NAME = "$(TARGET_NAME)";
			};
			name = Debug;
		};
		D16A340823CC89FF001AB516 /* Release */ = {
			isa = XCBuildConfiguration;
			buildSettings = {
				CODE_SIGN_STYLE = Automatic;
				PRODUCT_NAME = "$(TARGET_NAME)";
			};
			name = Release;
		};
/* End XCBuildConfiguration section */

/* Begin XCConfigurationList section */
		D16A33FA23CC89FF001AB516 /* Build configuration list for PBXProject "stork" */ = {
			isa = XCConfigurationList;
			buildConfigurations = (
				D16A340423CC89FF001AB516 /* Debug */,
				D16A340523CC89FF001AB516 /* Release */,
			);
			defaultConfigurationIsVisible = 0;
			defaultConfigurationName = Release;
		};
		D16A340623CC89FF001AB516 /* Build configuration list for PBXNativeTarget "stork" */ = {
			isa = XCConfigurationList;
			buildConfigurations = (
				D16A340723CC89FF001AB516 /* Debug */,
				D16A340823CC89FF001AB516 /* Release */,
			);
			defaultConfigurationIsVisible = 0;
			defaultConfigurationName = Release;
		};
/* End XCConfigurationList section */
	};
	rootObject = D16A33F723CC89FF001AB516 /* Project object */;
}
